// !$*UTF8*$!
{
	archiveVersion = 1;
	classes = {
	};
	objectVersion = 46;
	objects = {

/* Begin PBXBuildFile section */
		C204C9881B79C82C008057D3 /* RenderInvocationDetailsViewController.swift in Sources */ = {isa = PBXBuildFile; fileRef = C204C9871B79C82C008057D3 /* RenderInvocationDetailsViewController.swift */; };
		C204C98A1B79D042008057D3 /* BindingsViewController.swift in Sources */ = {isa = PBXBuildFile; fileRef = C204C9891B79D042008057D3 /* BindingsViewController.swift */; };
		C204C98C1B79D2AE008057D3 /* BindingsView.xib in Resources */ = {isa = PBXBuildFile; fileRef = C204C98B1B79D2AE008057D3 /* BindingsView.xib */; };
		C227E94A1B92968B0012B8B8 /* ScissorRect+CoreDataProperties.swift in Sources */ = {isa = PBXBuildFile; fileRef = C227E9481B92968B0012B8B8 /* ScissorRect+CoreDataProperties.swift */; settings = {ASSET_TAGS = (); }; };
		C227E94B1B92968B0012B8B8 /* ScissorRect+CoreDataProperties.swift in Sources */ = {isa = PBXBuildFile; fileRef = C227E9481B92968B0012B8B8 /* ScissorRect+CoreDataProperties.swift */; settings = {ASSET_TAGS = (); }; };
		C227E94C1B92968B0012B8B8 /* ScissorRect.swift in Sources */ = {isa = PBXBuildFile; fileRef = C227E9491B92968B0012B8B8 /* ScissorRect.swift */; settings = {ASSET_TAGS = (); }; };
		C227E94D1B92968B0012B8B8 /* ScissorRect.swift in Sources */ = {isa = PBXBuildFile; fileRef = C227E9491B92968B0012B8B8 /* ScissorRect.swift */; settings = {ASSET_TAGS = (); }; };
		C227E9501B9299850012B8B8 /* Viewport+CoreDataProperties.swift in Sources */ = {isa = PBXBuildFile; fileRef = C227E94E1B9299850012B8B8 /* Viewport+CoreDataProperties.swift */; settings = {ASSET_TAGS = (); }; };
		C227E9511B9299850012B8B8 /* Viewport+CoreDataProperties.swift in Sources */ = {isa = PBXBuildFile; fileRef = C227E94E1B9299850012B8B8 /* Viewport+CoreDataProperties.swift */; settings = {ASSET_TAGS = (); }; };
		C227E9521B9299850012B8B8 /* Viewport.swift in Sources */ = {isa = PBXBuildFile; fileRef = C227E94F1B9299850012B8B8 /* Viewport.swift */; settings = {ASSET_TAGS = (); }; };
		C227E9531B9299850012B8B8 /* Viewport.swift in Sources */ = {isa = PBXBuildFile; fileRef = C227E94F1B9299850012B8B8 /* Viewport.swift */; settings = {ASSET_TAGS = (); }; };
		C23492BB1B75E62B00712575 /* VertexAttributesTableDelegate.swift in Sources */ = {isa = PBXBuildFile; fileRef = C23492BA1B75E62B00712575 /* VertexAttributesTableDelegate.swift */; };
		C23492BD1B75E64B00712575 /* VertexBufferLayoutTableDelegate.swift in Sources */ = {isa = PBXBuildFile; fileRef = C23492BC1B75E64B00712575 /* VertexBufferLayoutTableDelegate.swift */; };
		C23492BF1B75E66800712575 /* ColorAttachmentsTableDelegate.swift in Sources */ = {isa = PBXBuildFile; fileRef = C23492BE1B75E66800712575 /* ColorAttachmentsTableDelegate.swift */; };
		C24CDC9E1B5A17BF00348941 /* MetalState.swift in Sources */ = {isa = PBXBuildFile; fileRef = C24CDC9D1B5A17BF00348941 /* MetalState.swift */; };
		C24CDCB31B5A18D200348941 /* ComputeInvocation+CoreDataProperties.swift in Sources */ = {isa = PBXBuildFile; fileRef = C24CDCA11B5A18D200348941 /* ComputeInvocation+CoreDataProperties.swift */; };
		C24CDCB41B5A18D200348941 /* ComputeInvocation.swift in Sources */ = {isa = PBXBuildFile; fileRef = C24CDCA21B5A18D200348941 /* ComputeInvocation.swift */; };
		C24CDCB51B5A18D200348941 /* ComputePass+CoreDataProperties.swift in Sources */ = {isa = PBXBuildFile; fileRef = C24CDCA31B5A18D200348941 /* ComputePass+CoreDataProperties.swift */; };
		C24CDCB61B5A18D200348941 /* ComputePass.swift in Sources */ = {isa = PBXBuildFile; fileRef = C24CDCA41B5A18D200348941 /* ComputePass.swift */; };
		C24CDCB71B5A18D200348941 /* Pass+CoreDataProperties.swift in Sources */ = {isa = PBXBuildFile; fileRef = C24CDCA51B5A18D200348941 /* Pass+CoreDataProperties.swift */; };
		C24CDCB81B5A18D200348941 /* Pass.swift in Sources */ = {isa = PBXBuildFile; fileRef = C24CDCA61B5A18D200348941 /* Pass.swift */; };
		C24CDCB91B5A18D200348941 /* Frame+CoreDataProperties.swift in Sources */ = {isa = PBXBuildFile; fileRef = C24CDCA71B5A18D200348941 /* Frame+CoreDataProperties.swift */; };
		C24CDCBA1B5A18D200348941 /* Frame.swift in Sources */ = {isa = PBXBuildFile; fileRef = C24CDCA81B5A18D200348941 /* Frame.swift */; };
		C24CDCBB1B5A18D200348941 /* Buffer+CoreDataProperties.swift in Sources */ = {isa = PBXBuildFile; fileRef = C24CDCA91B5A18D200348941 /* Buffer+CoreDataProperties.swift */; };
		C24CDCBC1B5A18D200348941 /* Buffer.swift in Sources */ = {isa = PBXBuildFile; fileRef = C24CDCAA1B5A18D200348941 /* Buffer.swift */; };
		C24CDCBD1B5A18D200348941 /* ComputePipelineState+CoreDataProperties.swift in Sources */ = {isa = PBXBuildFile; fileRef = C24CDCAB1B5A18D200348941 /* ComputePipelineState+CoreDataProperties.swift */; };
		C24CDCBE1B5A18D200348941 /* ComputePipelineState.swift in Sources */ = {isa = PBXBuildFile; fileRef = C24CDCAC1B5A18D200348941 /* ComputePipelineState.swift */; };
		C24CDCBF1B5A18D200348941 /* Library+CoreDataProperties.swift in Sources */ = {isa = PBXBuildFile; fileRef = C24CDCAD1B5A18D200348941 /* Library+CoreDataProperties.swift */; };
		C24CDCC01B5A18D200348941 /* Library.swift in Sources */ = {isa = PBXBuildFile; fileRef = C24CDCAE1B5A18D200348941 /* Library.swift */; };
		C24CDCC11B5A18D200348941 /* BufferBinding+CoreDataProperties.swift in Sources */ = {isa = PBXBuildFile; fileRef = C24CDCAF1B5A18D200348941 /* BufferBinding+CoreDataProperties.swift */; };
		C24CDCC21B5A18D200348941 /* BufferBinding.swift in Sources */ = {isa = PBXBuildFile; fileRef = C24CDCB01B5A18D200348941 /* BufferBinding.swift */; };
		C24CDCF01B5AC44000348941 /* RenderPipelineColorAttachment+CoreDataProperties.swift in Sources */ = {isa = PBXBuildFile; fileRef = C24CDCE41B5AC44000348941 /* RenderPipelineColorAttachment+CoreDataProperties.swift */; };
		C24CDCF11B5AC44000348941 /* RenderPipelineColorAttachment.swift in Sources */ = {isa = PBXBuildFile; fileRef = C24CDCE51B5AC44000348941 /* RenderPipelineColorAttachment.swift */; };
		C24CDCF41B5AC44000348941 /* RenderPipelineState+CoreDataProperties.swift in Sources */ = {isa = PBXBuildFile; fileRef = C24CDCE81B5AC44000348941 /* RenderPipelineState+CoreDataProperties.swift */; };
		C24CDCF51B5AC44000348941 /* RenderPipelineState.swift in Sources */ = {isa = PBXBuildFile; fileRef = C24CDCE91B5AC44000348941 /* RenderPipelineState.swift */; };
		C24CDCF61B5AC44000348941 /* RenderPass+CoreDataProperties.swift in Sources */ = {isa = PBXBuildFile; fileRef = C24CDCEA1B5AC44000348941 /* RenderPass+CoreDataProperties.swift */; };
		C24CDCF71B5AC44000348941 /* RenderPass.swift in Sources */ = {isa = PBXBuildFile; fileRef = C24CDCEB1B5AC44000348941 /* RenderPass.swift */; };
		C24CDCFC1B5AC86D00348941 /* VertexAttribute+CoreDataProperties.swift in Sources */ = {isa = PBXBuildFile; fileRef = C24CDCF81B5AC86D00348941 /* VertexAttribute+CoreDataProperties.swift */; };
		C24CDCFD1B5AC86D00348941 /* VertexAttribute.swift in Sources */ = {isa = PBXBuildFile; fileRef = C24CDCF91B5AC86D00348941 /* VertexAttribute.swift */; };
		C24CDCFE1B5AC86D00348941 /* VertexBufferLayout+CoreDataProperties.swift in Sources */ = {isa = PBXBuildFile; fileRef = C24CDCFA1B5AC86D00348941 /* VertexBufferLayout+CoreDataProperties.swift */; };
		C24CDCFF1B5AC86D00348941 /* VertexBufferLayout.swift in Sources */ = {isa = PBXBuildFile; fileRef = C24CDCFB1B5AC86D00348941 /* VertexBufferLayout.swift */; };
		C24CDD071B5AD8E600348941 /* main.swift in Sources */ = {isa = PBXBuildFile; fileRef = C24CDD061B5AD8E600348941 /* main.swift */; };
		C24CDD0B1B5AD9CC00348941 /* Document.xcdatamodeld in Sources */ = {isa = PBXBuildFile; fileRef = C2BF784F1B58BC8A004535BC /* Document.xcdatamodeld */; };
		C24CDD2D1B5ADDFD00348941 /* VertexAttribute+CoreDataProperties.swift in Sources */ = {isa = PBXBuildFile; fileRef = C24CDCF81B5AC86D00348941 /* VertexAttribute+CoreDataProperties.swift */; };
		C24CDD2E1B5ADE0100348941 /* VertexAttribute.swift in Sources */ = {isa = PBXBuildFile; fileRef = C24CDCF91B5AC86D00348941 /* VertexAttribute.swift */; };
		C24CDD2F1B5ADE0500348941 /* VertexBufferLayout+CoreDataProperties.swift in Sources */ = {isa = PBXBuildFile; fileRef = C24CDCFA1B5AC86D00348941 /* VertexBufferLayout+CoreDataProperties.swift */; };
		C24CDD301B5ADE0800348941 /* VertexBufferLayout.swift in Sources */ = {isa = PBXBuildFile; fileRef = C24CDCFB1B5AC86D00348941 /* VertexBufferLayout.swift */; };
		C24CDD331B5ADE0F00348941 /* RenderPipelineColorAttachment+CoreDataProperties.swift in Sources */ = {isa = PBXBuildFile; fileRef = C24CDCE41B5AC44000348941 /* RenderPipelineColorAttachment+CoreDataProperties.swift */; };
		C24CDD341B5ADE0F00348941 /* RenderPipelineColorAttachment.swift in Sources */ = {isa = PBXBuildFile; fileRef = C24CDCE51B5AC44000348941 /* RenderPipelineColorAttachment.swift */; };
		C24CDD351B5ADE0F00348941 /* RenderPipelineState+CoreDataProperties.swift in Sources */ = {isa = PBXBuildFile; fileRef = C24CDCE81B5AC44000348941 /* RenderPipelineState+CoreDataProperties.swift */; };
		C24CDD361B5ADE0F00348941 /* RenderPipelineState.swift in Sources */ = {isa = PBXBuildFile; fileRef = C24CDCE91B5AC44000348941 /* RenderPipelineState.swift */; };
		C24CDD371B5ADE0F00348941 /* RenderPass+CoreDataProperties.swift in Sources */ = {isa = PBXBuildFile; fileRef = C24CDCEA1B5AC44000348941 /* RenderPass+CoreDataProperties.swift */; };
		C24CDD381B5ADE0F00348941 /* RenderPass.swift in Sources */ = {isa = PBXBuildFile; fileRef = C24CDCEB1B5AC44000348941 /* RenderPass.swift */; };
		C24CDD3B1B5ADE0F00348941 /* ComputeInvocation+CoreDataProperties.swift in Sources */ = {isa = PBXBuildFile; fileRef = C24CDCA11B5A18D200348941 /* ComputeInvocation+CoreDataProperties.swift */; };
		C24CDD3C1B5ADE0F00348941 /* ComputeInvocation.swift in Sources */ = {isa = PBXBuildFile; fileRef = C24CDCA21B5A18D200348941 /* ComputeInvocation.swift */; };
		C24CDD3D1B5ADE0F00348941 /* ComputePass+CoreDataProperties.swift in Sources */ = {isa = PBXBuildFile; fileRef = C24CDCA31B5A18D200348941 /* ComputePass+CoreDataProperties.swift */; };
		C24CDD3E1B5ADE0F00348941 /* ComputePass.swift in Sources */ = {isa = PBXBuildFile; fileRef = C24CDCA41B5A18D200348941 /* ComputePass.swift */; };
		C24CDD3F1B5ADE0F00348941 /* Pass+CoreDataProperties.swift in Sources */ = {isa = PBXBuildFile; fileRef = C24CDCA51B5A18D200348941 /* Pass+CoreDataProperties.swift */; };
		C24CDD401B5ADE0F00348941 /* Pass.swift in Sources */ = {isa = PBXBuildFile; fileRef = C24CDCA61B5A18D200348941 /* Pass.swift */; };
		C24CDD411B5ADE0F00348941 /* Frame+CoreDataProperties.swift in Sources */ = {isa = PBXBuildFile; fileRef = C24CDCA71B5A18D200348941 /* Frame+CoreDataProperties.swift */; };
		C24CDD421B5ADE0F00348941 /* Frame.swift in Sources */ = {isa = PBXBuildFile; fileRef = C24CDCA81B5A18D200348941 /* Frame.swift */; };
		C24CDD431B5ADE0F00348941 /* Buffer+CoreDataProperties.swift in Sources */ = {isa = PBXBuildFile; fileRef = C24CDCA91B5A18D200348941 /* Buffer+CoreDataProperties.swift */; };
		C24CDD441B5ADE0F00348941 /* Buffer.swift in Sources */ = {isa = PBXBuildFile; fileRef = C24CDCAA1B5A18D200348941 /* Buffer.swift */; };
		C24CDD451B5ADE0F00348941 /* ComputePipelineState+CoreDataProperties.swift in Sources */ = {isa = PBXBuildFile; fileRef = C24CDCAB1B5A18D200348941 /* ComputePipelineState+CoreDataProperties.swift */; };
		C24CDD461B5ADE0F00348941 /* ComputePipelineState.swift in Sources */ = {isa = PBXBuildFile; fileRef = C24CDCAC1B5A18D200348941 /* ComputePipelineState.swift */; };
		C24CDD471B5ADE0F00348941 /* Library+CoreDataProperties.swift in Sources */ = {isa = PBXBuildFile; fileRef = C24CDCAD1B5A18D200348941 /* Library+CoreDataProperties.swift */; };
		C24CDD481B5ADE0F00348941 /* Library.swift in Sources */ = {isa = PBXBuildFile; fileRef = C24CDCAE1B5A18D200348941 /* Library.swift */; };
		C24CDD491B5ADE0F00348941 /* BufferBinding+CoreDataProperties.swift in Sources */ = {isa = PBXBuildFile; fileRef = C24CDCAF1B5A18D200348941 /* BufferBinding+CoreDataProperties.swift */; };
		C24CDD4A1B5ADE0F00348941 /* BufferBinding.swift in Sources */ = {isa = PBXBuildFile; fileRef = C24CDCB01B5A18D200348941 /* BufferBinding.swift */; };
		C24CDD511B5AFB3900348941 /* RenderInvocation+CoreDataProperties.swift in Sources */ = {isa = PBXBuildFile; fileRef = C24CDD4F1B5AFB3900348941 /* RenderInvocation+CoreDataProperties.swift */; };
		C24CDD521B5AFB3900348941 /* RenderInvocation.swift in Sources */ = {isa = PBXBuildFile; fileRef = C24CDD501B5AFB3900348941 /* RenderInvocation.swift */; };
		C24CDD531B5AFB7D00348941 /* RenderInvocation.swift in Sources */ = {isa = PBXBuildFile; fileRef = C24CDD501B5AFB3900348941 /* RenderInvocation.swift */; };
		C24CDD541B5AFB8000348941 /* RenderInvocation+CoreDataProperties.swift in Sources */ = {isa = PBXBuildFile; fileRef = C24CDD4F1B5AFB3900348941 /* RenderInvocation+CoreDataProperties.swift */; };
		C24CDD561B5B32BA00348941 /* Shaders.metal in Sources */ = {isa = PBXBuildFile; fileRef = C24CDD551B5B32BA00348941 /* Shaders.metal */; };
		C254E4561B92D23D009559F8 /* NumericTextFieldDelegates.swift in Sources */ = {isa = PBXBuildFile; fileRef = C254E4551B92D23D009559F8 /* NumericTextFieldDelegates.swift */; settings = {ASSET_TAGS = (); }; };
		C26B3C831B76B3D70073EACF /* FlippedView.swift in Sources */ = {isa = PBXBuildFile; fileRef = C26B3C821B76B3D70073EACF /* FlippedView.swift */; };
		C26B3C851B76B6C20073EACF /* ComputeInvocationSequence.xib in Resources */ = {isa = PBXBuildFile; fileRef = C26B3C841B76B6C20073EACF /* ComputeInvocationSequence.xib */; };
		C26B3C871B76B9570073EACF /* InvocationsViewController.swift in Sources */ = {isa = PBXBuildFile; fileRef = C26B3C861B76B9570073EACF /* InvocationsViewController.swift */; };
		C26B3C891B76BD1F0073EACF /* Invocation.xib in Resources */ = {isa = PBXBuildFile; fileRef = C26B3C881B76BD1F0073EACF /* Invocation.xib */; };
		C26B3C8B1B76BF290073EACF /* InvocationViewController.swift in Sources */ = {isa = PBXBuildFile; fileRef = C26B3C8A1B76BF290073EACF /* InvocationViewController.swift */; };
		C26C8D911B8124710097180D /* TexturesTableViewDelegate.swift in Sources */ = {isa = PBXBuildFile; fileRef = C26C8D901B8124710097180D /* TexturesTableViewDelegate.swift */; };
		C26C8D971B8126D30097180D /* Texture.swift in Sources */ = {isa = PBXBuildFile; fileRef = C26C8D961B8126D30097180D /* Texture.swift */; };
		C26C8D991B8126DF0097180D /* Texture+CoreDataProperties.swift in Sources */ = {isa = PBXBuildFile; fileRef = C26C8D981B8126DF0097180D /* Texture+CoreDataProperties.swift */; };
		C26C8D9A1B8127320097180D /* Texture.swift in Sources */ = {isa = PBXBuildFile; fileRef = C26C8D961B8126D30097180D /* Texture.swift */; };
		C26C8D9B1B8127350097180D /* Texture+CoreDataProperties.swift in Sources */ = {isa = PBXBuildFile; fileRef = C26C8D981B8126DF0097180D /* Texture+CoreDataProperties.swift */; };
		C26C8D9D1B8131CE0097180D /* PixelFormatUtilities.swift in Sources */ = {isa = PBXBuildFile; fileRef = C26C8D9C1B8131CE0097180D /* PixelFormatUtilities.swift */; };
		C26C8D9F1B8144FB0097180D /* TextureBinding.swift in Sources */ = {isa = PBXBuildFile; fileRef = C26C8D9E1B8144FB0097180D /* TextureBinding.swift */; };
		C26C8DA11B8145100097180D /* TextureBinding+CoreDataProperties.swift in Sources */ = {isa = PBXBuildFile; fileRef = C26C8DA01B8145100097180D /* TextureBinding+CoreDataProperties.swift */; };
		C26C8DA21B8145140097180D /* TextureBinding.swift in Sources */ = {isa = PBXBuildFile; fileRef = C26C8D9E1B8144FB0097180D /* TextureBinding.swift */; };
		C26C8DA31B8145170097180D /* TextureBinding+CoreDataProperties.swift in Sources */ = {isa = PBXBuildFile; fileRef = C26C8DA01B8145100097180D /* TextureBinding+CoreDataProperties.swift */; };
		C26C8DA51B8153080097180D /* BufferBindingsViewController.swift in Sources */ = {isa = PBXBuildFile; fileRef = C26C8DA41B8153080097180D /* BufferBindingsViewController.swift */; };
		C26C8DA71B81542D0097180D /* TextureBindingsViewController.swift in Sources */ = {isa = PBXBuildFile; fileRef = C26C8DA61B81542D0097180D /* TextureBindingsViewController.swift */; };
		C285B2531B5E1FAB00671A58 /* BuffersTableViewDelegate.swift in Sources */ = {isa = PBXBuildFile; fileRef = C285B2521B5E1FAB00671A58 /* BuffersTableViewDelegate.swift */; };
		C286CF3A1B93B59000BC7F9D /* RenderInvocationSequence.xib in Resources */ = {isa = PBXBuildFile; fileRef = C286CF391B93B59000BC7F9D /* RenderInvocationSequence.xib */; settings = {ASSET_TAGS = (); }; };
		C286CF3C1B93B7AB00BC7F9D /* RenderInvocationsViewController.swift in Sources */ = {isa = PBXBuildFile; fileRef = C286CF3B1B93B7AB00BC7F9D /* RenderInvocationsViewController.swift */; settings = {ASSET_TAGS = (); }; };
		C286CF3E1B93B7BA00BC7F9D /* ComputeInvocationsViewController.swift in Sources */ = {isa = PBXBuildFile; fileRef = C286CF3D1B93B7BA00BC7F9D /* ComputeInvocationsViewController.swift */; settings = {ASSET_TAGS = (); }; };
		C2877EBB1B80615C000FD5DC /* Size.swift in Sources */ = {isa = PBXBuildFile; fileRef = C2877EBA1B80615C000FD5DC /* Size.swift */; };
		C2877EBD1B806198000FD5DC /* Size+CoreDataProperties.swift in Sources */ = {isa = PBXBuildFile; fileRef = C2877EBC1B806198000FD5DC /* Size+CoreDataProperties.swift */; };
		C2877EBE1B806268000FD5DC /* Size.swift in Sources */ = {isa = PBXBuildFile; fileRef = C2877EBA1B80615C000FD5DC /* Size.swift */; };
		C2877EBF1B80626B000FD5DC /* Size+CoreDataProperties.swift in Sources */ = {isa = PBXBuildFile; fileRef = C2877EBC1B806198000FD5DC /* Size+CoreDataProperties.swift */; };
		C29C37611B92E66F00F85D61 /* StencilState+CoreDataProperties.swift in Sources */ = {isa = PBXBuildFile; fileRef = C29C375D1B92E66F00F85D61 /* StencilState+CoreDataProperties.swift */; settings = {ASSET_TAGS = (); }; };
		C29C37621B92E66F00F85D61 /* StencilState+CoreDataProperties.swift in Sources */ = {isa = PBXBuildFile; fileRef = C29C375D1B92E66F00F85D61 /* StencilState+CoreDataProperties.swift */; settings = {ASSET_TAGS = (); }; };
		C29C37631B92E66F00F85D61 /* StencilState.swift in Sources */ = {isa = PBXBuildFile; fileRef = C29C375E1B92E66F00F85D61 /* StencilState.swift */; settings = {ASSET_TAGS = (); }; };
		C29C37641B92E66F00F85D61 /* StencilState.swift in Sources */ = {isa = PBXBuildFile; fileRef = C29C375E1B92E66F00F85D61 /* StencilState.swift */; settings = {ASSET_TAGS = (); }; };
		C29C37651B92E66F00F85D61 /* DepthStencilState+CoreDataProperties.swift in Sources */ = {isa = PBXBuildFile; fileRef = C29C375F1B92E66F00F85D61 /* DepthStencilState+CoreDataProperties.swift */; settings = {ASSET_TAGS = (); }; };
		C29C37661B92E66F00F85D61 /* DepthStencilState+CoreDataProperties.swift in Sources */ = {isa = PBXBuildFile; fileRef = C29C375F1B92E66F00F85D61 /* DepthStencilState+CoreDataProperties.swift */; settings = {ASSET_TAGS = (); }; };
		C29C37671B92E66F00F85D61 /* DepthStencilState.swift in Sources */ = {isa = PBXBuildFile; fileRef = C29C37601B92E66F00F85D61 /* DepthStencilState.swift */; settings = {ASSET_TAGS = (); }; };
		C29C37681B92E66F00F85D61 /* DepthStencilState.swift in Sources */ = {isa = PBXBuildFile; fileRef = C29C37601B92E66F00F85D61 /* DepthStencilState.swift */; settings = {ASSET_TAGS = (); }; };
		C29C376A1B93800F00F85D61 /* DepthStencilStateView.xib in Resources */ = {isa = PBXBuildFile; fileRef = C29C37691B93800F00F85D61 /* DepthStencilStateView.xib */; settings = {ASSET_TAGS = (); }; };
		C29C376C1B93802F00F85D61 /* DepthStencilStateViewController.swift in Sources */ = {isa = PBXBuildFile; fileRef = C29C376B1B93802F00F85D61 /* DepthStencilStateViewController.swift */; settings = {ASSET_TAGS = (); }; };
		C2A9391D1B707A7900449A95 /* RenderStateView.xib in Resources */ = {isa = PBXBuildFile; fileRef = C2A9391C1B707A7900449A95 /* RenderStateView.xib */; };
		C2BF78491B58BC8A004535BC /* AppDelegate.swift in Sources */ = {isa = PBXBuildFile; fileRef = C2BF78481B58BC8A004535BC /* AppDelegate.swift */; };
		C2BF784B1B58BC8A004535BC /* Document.swift in Sources */ = {isa = PBXBuildFile; fileRef = C2BF784A1B58BC8A004535BC /* Document.swift */; };
		C2BF784E1B58BC8A004535BC /* Document.xib in Resources */ = {isa = PBXBuildFile; fileRef = C2BF784C1B58BC8A004535BC /* Document.xib */; };
		C2BF78511B58BC8A004535BC /* Document.xcdatamodeld in Sources */ = {isa = PBXBuildFile; fileRef = C2BF784F1B58BC8A004535BC /* Document.xcdatamodeld */; };
		C2BF78531B58BC8A004535BC /* Assets.xcassets in Resources */ = {isa = PBXBuildFile; fileRef = C2BF78521B58BC8A004535BC /* Assets.xcassets */; };
		C2BF78561B58BC8A004535BC /* MainMenu.xib in Resources */ = {isa = PBXBuildFile; fileRef = C2BF78541B58BC8A004535BC /* MainMenu.xib */; };
		C2BF78611B58BC8A004535BC /* MetalEditorTests.swift in Sources */ = {isa = PBXBuildFile; fileRef = C2BF78601B58BC8A004535BC /* MetalEditorTests.swift */; };
		C2BF786C1B58BC8A004535BC /* MetalEditorUITests.swift in Sources */ = {isa = PBXBuildFile; fileRef = C2BF786B1B58BC8A004535BC /* MetalEditorUITests.swift */; };
		C2BF787A1B58C09B004535BC /* PreviewController.swift in Sources */ = {isa = PBXBuildFile; fileRef = C2BF78791B58C09B004535BC /* PreviewController.swift */; };
		C2C1F3721B708F590092726F /* RenderStateViewController.swift in Sources */ = {isa = PBXBuildFile; fileRef = C2C1F3711B708F590092726F /* RenderStateViewController.swift */; };
		C2C1F3741B70A02E0092726F /* ManagedObjectHelpers.swift in Sources */ = {isa = PBXBuildFile; fileRef = C2C1F3731B70A02E0092726F /* ManagedObjectHelpers.swift */; };
		C2C1F3751B70AAAB0092726F /* ManagedObjectHelpers.swift in Sources */ = {isa = PBXBuildFile; fileRef = C2C1F3731B70A02E0092726F /* ManagedObjectHelpers.swift */; };
		C2CA03141B6F186300BA6AA1 /* RenderStateUIController.swift in Sources */ = {isa = PBXBuildFile; fileRef = C2CA03131B6F186300BA6AA1 /* RenderStateUIController.swift */; };
		C2EC39B41B78653B00FFD859 /* Invocation.swift in Sources */ = {isa = PBXBuildFile; fileRef = C2EC39B31B78653B00FFD859 /* Invocation.swift */; };
		C2EC39B61B78656C00FFD859 /* Invocation+CoreDataProperties.swift in Sources */ = {isa = PBXBuildFile; fileRef = C2EC39B51B78656C00FFD859 /* Invocation+CoreDataProperties.swift */; };
		C2EC39B71B78664000FFD859 /* Invocation.swift in Sources */ = {isa = PBXBuildFile; fileRef = C2EC39B31B78653B00FFD859 /* Invocation.swift */; };
		C2EC39B81B78664300FFD859 /* Invocation+CoreDataProperties.swift in Sources */ = {isa = PBXBuildFile; fileRef = C2EC39B51B78656C00FFD859 /* Invocation+CoreDataProperties.swift */; };
		C2EC39BA1B786F8200FFD859 /* ComputeInvocationView.xib in Resources */ = {isa = PBXBuildFile; fileRef = C2EC39B91B786F8200FFD859 /* ComputeInvocationView.xib */; };
		C2EC39BC1B7874AA00FFD859 /* ComputeInvocationDetailViewController.swift in Sources */ = {isa = PBXBuildFile; fileRef = C2EC39BB1B7874AA00FFD859 /* ComputeInvocationDetailViewController.swift */; };
		C2EC39BE1B79C21500FFD859 /* RenderInvocationView.xib in Resources */ = {isa = PBXBuildFile; fileRef = C2EC39BD1B79C21500FFD859 /* RenderInvocationView.xib */; };
/* End PBXBuildFile section */

/* Begin PBXContainerItemProxy section */
		C2BF785D1B58BC8A004535BC /* PBXContainerItemProxy */ = {
			isa = PBXContainerItemProxy;
			containerPortal = C2BF783D1B58BC8A004535BC /* Project object */;
			proxyType = 1;
			remoteGlobalIDString = C2BF78441B58BC8A004535BC;
			remoteInfo = MetalEditor;
		};
		C2BF78681B58BC8A004535BC /* PBXContainerItemProxy */ = {
			isa = PBXContainerItemProxy;
			containerPortal = C2BF783D1B58BC8A004535BC /* Project object */;
			proxyType = 1;
			remoteGlobalIDString = C2BF78441B58BC8A004535BC;
			remoteInfo = MetalEditor;
		};
/* End PBXContainerItemProxy section */

/* Begin PBXCopyFilesBuildPhase section */
		C24CDD021B5AD8E500348941 /* CopyFiles */ = {
			isa = PBXCopyFilesBuildPhase;
			buildActionMask = 2147483647;
			dstPath = /usr/share/man/man1/;
			dstSubfolderSpec = 0;
			files = (
			);
			runOnlyForDeploymentPostprocessing = 1;
		};
/* End PBXCopyFilesBuildPhase section */

/* Begin PBXFileReference section */
		C204C9871B79C82C008057D3 /* RenderInvocationDetailsViewController.swift */ = {isa = PBXFileReference; fileEncoding = 4; lastKnownFileType = sourcecode.swift; path = RenderInvocationDetailsViewController.swift; sourceTree = "<group>"; };
		C204C9891B79D042008057D3 /* BindingsViewController.swift */ = {isa = PBXFileReference; fileEncoding = 4; lastKnownFileType = sourcecode.swift; path = BindingsViewController.swift; sourceTree = "<group>"; };
		C204C98B1B79D2AE008057D3 /* BindingsView.xib */ = {isa = PBXFileReference; fileEncoding = 4; lastKnownFileType = file.xib; path = BindingsView.xib; sourceTree = "<group>"; };
		C227E9481B92968B0012B8B8 /* ScissorRect+CoreDataProperties.swift */ = {isa = PBXFileReference; fileEncoding = 4; lastKnownFileType = sourcecode.swift; path = "ScissorRect+CoreDataProperties.swift"; sourceTree = "<group>"; };
		C227E9491B92968B0012B8B8 /* ScissorRect.swift */ = {isa = PBXFileReference; fileEncoding = 4; lastKnownFileType = sourcecode.swift; path = ScissorRect.swift; sourceTree = "<group>"; };
		C227E94E1B9299850012B8B8 /* Viewport+CoreDataProperties.swift */ = {isa = PBXFileReference; fileEncoding = 4; lastKnownFileType = sourcecode.swift; path = "Viewport+CoreDataProperties.swift"; sourceTree = "<group>"; };
		C227E94F1B9299850012B8B8 /* Viewport.swift */ = {isa = PBXFileReference; fileEncoding = 4; lastKnownFileType = sourcecode.swift; path = Viewport.swift; sourceTree = "<group>"; };
		C23492BA1B75E62B00712575 /* VertexAttributesTableDelegate.swift */ = {isa = PBXFileReference; fileEncoding = 4; lastKnownFileType = sourcecode.swift; path = VertexAttributesTableDelegate.swift; sourceTree = "<group>"; };
		C23492BC1B75E64B00712575 /* VertexBufferLayoutTableDelegate.swift */ = {isa = PBXFileReference; fileEncoding = 4; lastKnownFileType = sourcecode.swift; path = VertexBufferLayoutTableDelegate.swift; sourceTree = "<group>"; };
		C23492BE1B75E66800712575 /* ColorAttachmentsTableDelegate.swift */ = {isa = PBXFileReference; fileEncoding = 4; lastKnownFileType = sourcecode.swift; path = ColorAttachmentsTableDelegate.swift; sourceTree = "<group>"; };
		C24CDC9D1B5A17BF00348941 /* MetalState.swift */ = {isa = PBXFileReference; fileEncoding = 4; lastKnownFileType = sourcecode.swift; path = MetalState.swift; sourceTree = "<group>"; };
		C24CDCA11B5A18D200348941 /* ComputeInvocation+CoreDataProperties.swift */ = {isa = PBXFileReference; fileEncoding = 4; lastKnownFileType = sourcecode.swift; path = "ComputeInvocation+CoreDataProperties.swift"; sourceTree = "<group>"; };
		C24CDCA21B5A18D200348941 /* ComputeInvocation.swift */ = {isa = PBXFileReference; fileEncoding = 4; lastKnownFileType = sourcecode.swift; path = ComputeInvocation.swift; sourceTree = "<group>"; };
		C24CDCA31B5A18D200348941 /* ComputePass+CoreDataProperties.swift */ = {isa = PBXFileReference; fileEncoding = 4; lastKnownFileType = sourcecode.swift; path = "ComputePass+CoreDataProperties.swift"; sourceTree = "<group>"; };
		C24CDCA41B5A18D200348941 /* ComputePass.swift */ = {isa = PBXFileReference; fileEncoding = 4; lastKnownFileType = sourcecode.swift; path = ComputePass.swift; sourceTree = "<group>"; };
		C24CDCA51B5A18D200348941 /* Pass+CoreDataProperties.swift */ = {isa = PBXFileReference; fileEncoding = 4; lastKnownFileType = sourcecode.swift; path = "Pass+CoreDataProperties.swift"; sourceTree = "<group>"; };
		C24CDCA61B5A18D200348941 /* Pass.swift */ = {isa = PBXFileReference; fileEncoding = 4; lastKnownFileType = sourcecode.swift; path = Pass.swift; sourceTree = "<group>"; };
		C24CDCA71B5A18D200348941 /* Frame+CoreDataProperties.swift */ = {isa = PBXFileReference; fileEncoding = 4; lastKnownFileType = sourcecode.swift; path = "Frame+CoreDataProperties.swift"; sourceTree = "<group>"; };
		C24CDCA81B5A18D200348941 /* Frame.swift */ = {isa = PBXFileReference; fileEncoding = 4; lastKnownFileType = sourcecode.swift; path = Frame.swift; sourceTree = "<group>"; };
		C24CDCA91B5A18D200348941 /* Buffer+CoreDataProperties.swift */ = {isa = PBXFileReference; fileEncoding = 4; lastKnownFileType = sourcecode.swift; path = "Buffer+CoreDataProperties.swift"; sourceTree = "<group>"; };
		C24CDCAA1B5A18D200348941 /* Buffer.swift */ = {isa = PBXFileReference; fileEncoding = 4; lastKnownFileType = sourcecode.swift; path = Buffer.swift; sourceTree = "<group>"; };
		C24CDCAB1B5A18D200348941 /* ComputePipelineState+CoreDataProperties.swift */ = {isa = PBXFileReference; fileEncoding = 4; lastKnownFileType = sourcecode.swift; path = "ComputePipelineState+CoreDataProperties.swift"; sourceTree = "<group>"; };
		C24CDCAC1B5A18D200348941 /* ComputePipelineState.swift */ = {isa = PBXFileReference; fileEncoding = 4; lastKnownFileType = sourcecode.swift; path = ComputePipelineState.swift; sourceTree = "<group>"; };
		C24CDCAD1B5A18D200348941 /* Library+CoreDataProperties.swift */ = {isa = PBXFileReference; fileEncoding = 4; lastKnownFileType = sourcecode.swift; path = "Library+CoreDataProperties.swift"; sourceTree = "<group>"; };
		C24CDCAE1B5A18D200348941 /* Library.swift */ = {isa = PBXFileReference; fileEncoding = 4; lastKnownFileType = sourcecode.swift; path = Library.swift; sourceTree = "<group>"; };
		C24CDCAF1B5A18D200348941 /* BufferBinding+CoreDataProperties.swift */ = {isa = PBXFileReference; fileEncoding = 4; lastKnownFileType = sourcecode.swift; path = "BufferBinding+CoreDataProperties.swift"; sourceTree = "<group>"; };
		C24CDCB01B5A18D200348941 /* BufferBinding.swift */ = {isa = PBXFileReference; fileEncoding = 4; lastKnownFileType = sourcecode.swift; path = BufferBinding.swift; sourceTree = "<group>"; };
		C24CDCE41B5AC44000348941 /* RenderPipelineColorAttachment+CoreDataProperties.swift */ = {isa = PBXFileReference; fileEncoding = 4; lastKnownFileType = sourcecode.swift; path = "RenderPipelineColorAttachment+CoreDataProperties.swift"; sourceTree = "<group>"; };
		C24CDCE51B5AC44000348941 /* RenderPipelineColorAttachment.swift */ = {isa = PBXFileReference; fileEncoding = 4; lastKnownFileType = sourcecode.swift; path = RenderPipelineColorAttachment.swift; sourceTree = "<group>"; };
		C24CDCE81B5AC44000348941 /* RenderPipelineState+CoreDataProperties.swift */ = {isa = PBXFileReference; fileEncoding = 4; lastKnownFileType = sourcecode.swift; path = "RenderPipelineState+CoreDataProperties.swift"; sourceTree = "<group>"; };
		C24CDCE91B5AC44000348941 /* RenderPipelineState.swift */ = {isa = PBXFileReference; fileEncoding = 4; lastKnownFileType = sourcecode.swift; path = RenderPipelineState.swift; sourceTree = "<group>"; };
		C24CDCEA1B5AC44000348941 /* RenderPass+CoreDataProperties.swift */ = {isa = PBXFileReference; fileEncoding = 4; lastKnownFileType = sourcecode.swift; path = "RenderPass+CoreDataProperties.swift"; sourceTree = "<group>"; };
		C24CDCEB1B5AC44000348941 /* RenderPass.swift */ = {isa = PBXFileReference; fileEncoding = 4; lastKnownFileType = sourcecode.swift; path = RenderPass.swift; sourceTree = "<group>"; };
		C24CDCF81B5AC86D00348941 /* VertexAttribute+CoreDataProperties.swift */ = {isa = PBXFileReference; fileEncoding = 4; lastKnownFileType = sourcecode.swift; path = "VertexAttribute+CoreDataProperties.swift"; sourceTree = "<group>"; };
		C24CDCF91B5AC86D00348941 /* VertexAttribute.swift */ = {isa = PBXFileReference; fileEncoding = 4; lastKnownFileType = sourcecode.swift; path = VertexAttribute.swift; sourceTree = "<group>"; };
		C24CDCFA1B5AC86D00348941 /* VertexBufferLayout+CoreDataProperties.swift */ = {isa = PBXFileReference; fileEncoding = 4; lastKnownFileType = sourcecode.swift; path = "VertexBufferLayout+CoreDataProperties.swift"; sourceTree = "<group>"; };
		C24CDCFB1B5AC86D00348941 /* VertexBufferLayout.swift */ = {isa = PBXFileReference; fileEncoding = 4; lastKnownFileType = sourcecode.swift; path = VertexBufferLayout.swift; sourceTree = "<group>"; };
		C24CDD041B5AD8E500348941 /* TestDatabaseWriter */ = {isa = PBXFileReference; explicitFileType = "compiled.mach-o.executable"; includeInIndex = 0; path = TestDatabaseWriter; sourceTree = BUILT_PRODUCTS_DIR; };
		C24CDD061B5AD8E600348941 /* main.swift */ = {isa = PBXFileReference; lastKnownFileType = sourcecode.swift; path = main.swift; sourceTree = "<group>"; };
		C24CDD4F1B5AFB3900348941 /* RenderInvocation+CoreDataProperties.swift */ = {isa = PBXFileReference; fileEncoding = 4; lastKnownFileType = sourcecode.swift; path = "RenderInvocation+CoreDataProperties.swift"; sourceTree = "<group>"; };
		C24CDD501B5AFB3900348941 /* RenderInvocation.swift */ = {isa = PBXFileReference; fileEncoding = 4; lastKnownFileType = sourcecode.swift; path = RenderInvocation.swift; sourceTree = "<group>"; };
		C24CDD551B5B32BA00348941 /* Shaders.metal */ = {isa = PBXFileReference; fileEncoding = 4; lastKnownFileType = sourcecode.metal; path = Shaders.metal; sourceTree = "<group>"; };
		C254E4551B92D23D009559F8 /* NumericTextFieldDelegates.swift */ = {isa = PBXFileReference; fileEncoding = 4; lastKnownFileType = sourcecode.swift; path = NumericTextFieldDelegates.swift; sourceTree = "<group>"; };
		C26B3C821B76B3D70073EACF /* FlippedView.swift */ = {isa = PBXFileReference; fileEncoding = 4; lastKnownFileType = sourcecode.swift; path = FlippedView.swift; sourceTree = "<group>"; };
		C26B3C841B76B6C20073EACF /* ComputeInvocationSequence.xib */ = {isa = PBXFileReference; fileEncoding = 4; lastKnownFileType = file.xib; path = ComputeInvocationSequence.xib; sourceTree = "<group>"; };
		C26B3C861B76B9570073EACF /* InvocationsViewController.swift */ = {isa = PBXFileReference; fileEncoding = 4; lastKnownFileType = sourcecode.swift; path = InvocationsViewController.swift; sourceTree = "<group>"; };
		C26B3C881B76BD1F0073EACF /* Invocation.xib */ = {isa = PBXFileReference; fileEncoding = 4; lastKnownFileType = file.xib; path = Invocation.xib; sourceTree = "<group>"; };
		C26B3C8A1B76BF290073EACF /* InvocationViewController.swift */ = {isa = PBXFileReference; fileEncoding = 4; lastKnownFileType = sourcecode.swift; path = InvocationViewController.swift; sourceTree = "<group>"; };
		C26C8D901B8124710097180D /* TexturesTableViewDelegate.swift */ = {isa = PBXFileReference; fileEncoding = 4; lastKnownFileType = sourcecode.swift; path = TexturesTableViewDelegate.swift; sourceTree = "<group>"; };
		C26C8D961B8126D30097180D /* Texture.swift */ = {isa = PBXFileReference; fileEncoding = 4; lastKnownFileType = sourcecode.swift; path = Texture.swift; sourceTree = "<group>"; };
		C26C8D981B8126DF0097180D /* Texture+CoreDataProperties.swift */ = {isa = PBXFileReference; fileEncoding = 4; lastKnownFileType = sourcecode.swift; path = "Texture+CoreDataProperties.swift"; sourceTree = "<group>"; };
		C26C8D9C1B8131CE0097180D /* PixelFormatUtilities.swift */ = {isa = PBXFileReference; fileEncoding = 4; lastKnownFileType = sourcecode.swift; path = PixelFormatUtilities.swift; sourceTree = "<group>"; };
		C26C8D9E1B8144FB0097180D /* TextureBinding.swift */ = {isa = PBXFileReference; fileEncoding = 4; lastKnownFileType = sourcecode.swift; path = TextureBinding.swift; sourceTree = "<group>"; };
		C26C8DA01B8145100097180D /* TextureBinding+CoreDataProperties.swift */ = {isa = PBXFileReference; fileEncoding = 4; lastKnownFileType = sourcecode.swift; path = "TextureBinding+CoreDataProperties.swift"; sourceTree = "<group>"; };
		C26C8DA41B8153080097180D /* BufferBindingsViewController.swift */ = {isa = PBXFileReference; fileEncoding = 4; lastKnownFileType = sourcecode.swift; path = BufferBindingsViewController.swift; sourceTree = "<group>"; };
		C26C8DA61B81542D0097180D /* TextureBindingsViewController.swift */ = {isa = PBXFileReference; fileEncoding = 4; lastKnownFileType = sourcecode.swift; path = TextureBindingsViewController.swift; sourceTree = "<group>"; };
		C285B2521B5E1FAB00671A58 /* BuffersTableViewDelegate.swift */ = {isa = PBXFileReference; fileEncoding = 4; lastKnownFileType = sourcecode.swift; path = BuffersTableViewDelegate.swift; sourceTree = "<group>"; };
		C286CF391B93B59000BC7F9D /* RenderInvocationSequence.xib */ = {isa = PBXFileReference; fileEncoding = 4; lastKnownFileType = file.xib; path = RenderInvocationSequence.xib; sourceTree = "<group>"; };
		C286CF3B1B93B7AB00BC7F9D /* RenderInvocationsViewController.swift */ = {isa = PBXFileReference; fileEncoding = 4; lastKnownFileType = sourcecode.swift; path = RenderInvocationsViewController.swift; sourceTree = "<group>"; };
		C286CF3D1B93B7BA00BC7F9D /* ComputeInvocationsViewController.swift */ = {isa = PBXFileReference; fileEncoding = 4; lastKnownFileType = sourcecode.swift; path = ComputeInvocationsViewController.swift; sourceTree = "<group>"; };
		C2877EBA1B80615C000FD5DC /* Size.swift */ = {isa = PBXFileReference; fileEncoding = 4; lastKnownFileType = sourcecode.swift; path = Size.swift; sourceTree = "<group>"; };
		C2877EBC1B806198000FD5DC /* Size+CoreDataProperties.swift */ = {isa = PBXFileReference; fileEncoding = 4; lastKnownFileType = sourcecode.swift; path = "Size+CoreDataProperties.swift"; sourceTree = "<group>"; };
		C29C375D1B92E66F00F85D61 /* StencilState+CoreDataProperties.swift */ = {isa = PBXFileReference; fileEncoding = 4; lastKnownFileType = sourcecode.swift; path = "StencilState+CoreDataProperties.swift"; sourceTree = "<group>"; };
		C29C375E1B92E66F00F85D61 /* StencilState.swift */ = {isa = PBXFileReference; fileEncoding = 4; lastKnownFileType = sourcecode.swift; path = StencilState.swift; sourceTree = "<group>"; };
		C29C375F1B92E66F00F85D61 /* DepthStencilState+CoreDataProperties.swift */ = {isa = PBXFileReference; fileEncoding = 4; lastKnownFileType = sourcecode.swift; path = "DepthStencilState+CoreDataProperties.swift"; sourceTree = "<group>"; };
		C29C37601B92E66F00F85D61 /* DepthStencilState.swift */ = {isa = PBXFileReference; fileEncoding = 4; lastKnownFileType = sourcecode.swift; path = DepthStencilState.swift; sourceTree = "<group>"; };
		C29C37691B93800F00F85D61 /* DepthStencilStateView.xib */ = {isa = PBXFileReference; fileEncoding = 4; lastKnownFileType = file.xib; path = DepthStencilStateView.xib; sourceTree = "<group>"; };
		C29C376B1B93802F00F85D61 /* DepthStencilStateViewController.swift */ = {isa = PBXFileReference; fileEncoding = 4; lastKnownFileType = sourcecode.swift; path = DepthStencilStateViewController.swift; sourceTree = "<group>"; };
		C2A9391C1B707A7900449A95 /* RenderStateView.xib */ = {isa = PBXFileReference; fileEncoding = 4; lastKnownFileType = file.xib; path = RenderStateView.xib; sourceTree = "<group>"; };
		C2BF78451B58BC8A004535BC /* MetalEditor.app */ = {isa = PBXFileReference; explicitFileType = wrapper.application; includeInIndex = 0; path = MetalEditor.app; sourceTree = BUILT_PRODUCTS_DIR; };
		C2BF78481B58BC8A004535BC /* AppDelegate.swift */ = {isa = PBXFileReference; lastKnownFileType = sourcecode.swift; path = AppDelegate.swift; sourceTree = "<group>"; };
		C2BF784A1B58BC8A004535BC /* Document.swift */ = {isa = PBXFileReference; lastKnownFileType = sourcecode.swift; path = Document.swift; sourceTree = "<group>"; };
		C2BF784D1B58BC8A004535BC /* Base */ = {isa = PBXFileReference; lastKnownFileType = file.xib; name = Base; path = Base.lproj/Document.xib; sourceTree = "<group>"; };
		C2BF78501B58BC8A004535BC /* Document.xcdatamodel */ = {isa = PBXFileReference; lastKnownFileType = wrapper.xcdatamodel; path = Document.xcdatamodel; sourceTree = "<group>"; };
		C2BF78521B58BC8A004535BC /* Assets.xcassets */ = {isa = PBXFileReference; lastKnownFileType = folder.assetcatalog; path = Assets.xcassets; sourceTree = "<group>"; };
		C2BF78551B58BC8A004535BC /* Base */ = {isa = PBXFileReference; lastKnownFileType = file.xib; name = Base; path = Base.lproj/MainMenu.xib; sourceTree = "<group>"; };
		C2BF78571B58BC8A004535BC /* Info.plist */ = {isa = PBXFileReference; lastKnownFileType = text.plist.xml; path = Info.plist; sourceTree = "<group>"; };
		C2BF785C1B58BC8A004535BC /* MetalEditorTests.xctest */ = {isa = PBXFileReference; explicitFileType = wrapper.cfbundle; includeInIndex = 0; path = MetalEditorTests.xctest; sourceTree = BUILT_PRODUCTS_DIR; };
		C2BF78601B58BC8A004535BC /* MetalEditorTests.swift */ = {isa = PBXFileReference; lastKnownFileType = sourcecode.swift; path = MetalEditorTests.swift; sourceTree = "<group>"; };
		C2BF78621B58BC8A004535BC /* Info.plist */ = {isa = PBXFileReference; lastKnownFileType = text.plist.xml; path = Info.plist; sourceTree = "<group>"; };
		C2BF78671B58BC8A004535BC /* MetalEditorUITests.xctest */ = {isa = PBXFileReference; explicitFileType = wrapper.cfbundle; includeInIndex = 0; path = MetalEditorUITests.xctest; sourceTree = BUILT_PRODUCTS_DIR; };
		C2BF786B1B58BC8A004535BC /* MetalEditorUITests.swift */ = {isa = PBXFileReference; lastKnownFileType = sourcecode.swift; path = MetalEditorUITests.swift; sourceTree = "<group>"; };
		C2BF786D1B58BC8A004535BC /* Info.plist */ = {isa = PBXFileReference; lastKnownFileType = text.plist.xml; path = Info.plist; sourceTree = "<group>"; };
		C2BF78791B58C09B004535BC /* PreviewController.swift */ = {isa = PBXFileReference; fileEncoding = 4; lastKnownFileType = sourcecode.swift; path = PreviewController.swift; sourceTree = "<group>"; };
		C2C1F3711B708F590092726F /* RenderStateViewController.swift */ = {isa = PBXFileReference; fileEncoding = 4; lastKnownFileType = sourcecode.swift; path = RenderStateViewController.swift; sourceTree = "<group>"; };
		C2C1F3731B70A02E0092726F /* ManagedObjectHelpers.swift */ = {isa = PBXFileReference; fileEncoding = 4; lastKnownFileType = sourcecode.swift; path = ManagedObjectHelpers.swift; sourceTree = "<group>"; };
		C2CA03131B6F186300BA6AA1 /* RenderStateUIController.swift */ = {isa = PBXFileReference; fileEncoding = 4; lastKnownFileType = sourcecode.swift; path = RenderStateUIController.swift; sourceTree = "<group>"; };
		C2EC39B31B78653B00FFD859 /* Invocation.swift */ = {isa = PBXFileReference; fileEncoding = 4; lastKnownFileType = sourcecode.swift; path = Invocation.swift; sourceTree = "<group>"; };
		C2EC39B51B78656C00FFD859 /* Invocation+CoreDataProperties.swift */ = {isa = PBXFileReference; fileEncoding = 4; lastKnownFileType = sourcecode.swift; path = "Invocation+CoreDataProperties.swift"; sourceTree = "<group>"; };
		C2EC39B91B786F8200FFD859 /* ComputeInvocationView.xib */ = {isa = PBXFileReference; fileEncoding = 4; lastKnownFileType = file.xib; path = ComputeInvocationView.xib; sourceTree = "<group>"; };
		C2EC39BB1B7874AA00FFD859 /* ComputeInvocationDetailViewController.swift */ = {isa = PBXFileReference; fileEncoding = 4; lastKnownFileType = sourcecode.swift; path = ComputeInvocationDetailViewController.swift; sourceTree = "<group>"; };
		C2EC39BD1B79C21500FFD859 /* RenderInvocationView.xib */ = {isa = PBXFileReference; fileEncoding = 4; lastKnownFileType = file.xib; path = RenderInvocationView.xib; sourceTree = "<group>"; };
		C2FA35EC1B8C448E005B6D04 /* TODO */ = {isa = PBXFileReference; lastKnownFileType = text; path = TODO; sourceTree = "<group>"; };
/* End PBXFileReference section */

/* Begin PBXFrameworksBuildPhase section */
		C24CDD011B5AD8E500348941 /* Frameworks */ = {
			isa = PBXFrameworksBuildPhase;
			buildActionMask = 2147483647;
			files = (
			);
			runOnlyForDeploymentPostprocessing = 0;
		};
		C2BF78421B58BC8A004535BC /* Frameworks */ = {
			isa = PBXFrameworksBuildPhase;
			buildActionMask = 2147483647;
			files = (
			);
			runOnlyForDeploymentPostprocessing = 0;
		};
		C2BF78591B58BC8A004535BC /* Frameworks */ = {
			isa = PBXFrameworksBuildPhase;
			buildActionMask = 2147483647;
			files = (
			);
			runOnlyForDeploymentPostprocessing = 0;
		};
		C2BF78641B58BC8A004535BC /* Frameworks */ = {
			isa = PBXFrameworksBuildPhase;
			buildActionMask = 2147483647;
			files = (
			);
			runOnlyForDeploymentPostprocessing = 0;
		};
/* End PBXFrameworksBuildPhase section */

/* Begin PBXGroup section */
		C2205E1A1B5A15A70046F04D /* Managed Objects */ = {
			isa = PBXGroup;
			children = (
				C29C375D1B92E66F00F85D61 /* StencilState+CoreDataProperties.swift */,
				C29C375E1B92E66F00F85D61 /* StencilState.swift */,
				C29C375F1B92E66F00F85D61 /* DepthStencilState+CoreDataProperties.swift */,
				C29C37601B92E66F00F85D61 /* DepthStencilState.swift */,
				C227E94E1B9299850012B8B8 /* Viewport+CoreDataProperties.swift */,
				C227E94F1B9299850012B8B8 /* Viewport.swift */,
				C227E9481B92968B0012B8B8 /* ScissorRect+CoreDataProperties.swift */,
				C227E9491B92968B0012B8B8 /* ScissorRect.swift */,
				C24CDD4F1B5AFB3900348941 /* RenderInvocation+CoreDataProperties.swift */,
				C24CDD501B5AFB3900348941 /* RenderInvocation.swift */,
				C24CDCF81B5AC86D00348941 /* VertexAttribute+CoreDataProperties.swift */,
				C24CDCF91B5AC86D00348941 /* VertexAttribute.swift */,
				C24CDCFA1B5AC86D00348941 /* VertexBufferLayout+CoreDataProperties.swift */,
				C24CDCFB1B5AC86D00348941 /* VertexBufferLayout.swift */,
				C24CDCE41B5AC44000348941 /* RenderPipelineColorAttachment+CoreDataProperties.swift */,
				C24CDCE51B5AC44000348941 /* RenderPipelineColorAttachment.swift */,
				C24CDCE81B5AC44000348941 /* RenderPipelineState+CoreDataProperties.swift */,
				C24CDCE91B5AC44000348941 /* RenderPipelineState.swift */,
				C24CDCEA1B5AC44000348941 /* RenderPass+CoreDataProperties.swift */,
				C24CDCEB1B5AC44000348941 /* RenderPass.swift */,
				C24CDCA11B5A18D200348941 /* ComputeInvocation+CoreDataProperties.swift */,
				C24CDCA21B5A18D200348941 /* ComputeInvocation.swift */,
				C24CDCA31B5A18D200348941 /* ComputePass+CoreDataProperties.swift */,
				C24CDCA41B5A18D200348941 /* ComputePass.swift */,
				C24CDCA51B5A18D200348941 /* Pass+CoreDataProperties.swift */,
				C24CDCA61B5A18D200348941 /* Pass.swift */,
				C24CDCA71B5A18D200348941 /* Frame+CoreDataProperties.swift */,
				C24CDCA81B5A18D200348941 /* Frame.swift */,
				C24CDCA91B5A18D200348941 /* Buffer+CoreDataProperties.swift */,
				C24CDCAA1B5A18D200348941 /* Buffer.swift */,
				C24CDCAB1B5A18D200348941 /* ComputePipelineState+CoreDataProperties.swift */,
				C24CDCAC1B5A18D200348941 /* ComputePipelineState.swift */,
				C24CDCAD1B5A18D200348941 /* Library+CoreDataProperties.swift */,
				C24CDCAE1B5A18D200348941 /* Library.swift */,
				C24CDCAF1B5A18D200348941 /* BufferBinding+CoreDataProperties.swift */,
				C24CDCB01B5A18D200348941 /* BufferBinding.swift */,
				C2C1F3731B70A02E0092726F /* ManagedObjectHelpers.swift */,
				C2EC39B31B78653B00FFD859 /* Invocation.swift */,
				C2EC39B51B78656C00FFD859 /* Invocation+CoreDataProperties.swift */,
				C2877EBA1B80615C000FD5DC /* Size.swift */,
				C2877EBC1B806198000FD5DC /* Size+CoreDataProperties.swift */,
				C26C8D961B8126D30097180D /* Texture.swift */,
				C26C8D981B8126DF0097180D /* Texture+CoreDataProperties.swift */,
				C26C8D9E1B8144FB0097180D /* TextureBinding.swift */,
				C26C8DA01B8145100097180D /* TextureBinding+CoreDataProperties.swift */,
			);
			name = "Managed Objects";
			sourceTree = "<group>";
		};
		C24CDD051B5AD8E600348941 /* TestDatabaseWriter */ = {
			isa = PBXGroup;
			children = (
				C24CDD061B5AD8E600348941 /* main.swift */,
				C24CDD551B5B32BA00348941 /* Shaders.metal */,
			);
			path = TestDatabaseWriter;
			sourceTree = "<group>";
		};
		C2BF783C1B58BC8A004535BC = {
			isa = PBXGroup;
			children = (
				C2BF78471B58BC8A004535BC /* MetalEditor */,
				C2BF785F1B58BC8A004535BC /* MetalEditorTests */,
				C2BF786A1B58BC8A004535BC /* MetalEditorUITests */,
				C24CDD051B5AD8E600348941 /* TestDatabaseWriter */,
				C2BF78461B58BC8A004535BC /* Products */,
			);
			sourceTree = "<group>";
		};
		C2BF78461B58BC8A004535BC /* Products */ = {
			isa = PBXGroup;
			children = (
				C2BF78451B58BC8A004535BC /* MetalEditor.app */,
				C2BF785C1B58BC8A004535BC /* MetalEditorTests.xctest */,
				C2BF78671B58BC8A004535BC /* MetalEditorUITests.xctest */,
				C24CDD041B5AD8E500348941 /* TestDatabaseWriter */,
			);
			name = Products;
			sourceTree = "<group>";
		};
		C2BF78471B58BC8A004535BC /* MetalEditor */ = {
			isa = PBXGroup;
			children = (
				C2205E1A1B5A15A70046F04D /* Managed Objects */,
				C2FA35EC1B8C448E005B6D04 /* TODO */,
				C2BF78481B58BC8A004535BC /* AppDelegate.swift */,
				C2BF784C1B58BC8A004535BC /* Document.xib */,
				C2A9391C1B707A7900449A95 /* RenderStateView.xib */,
				C29C37691B93800F00F85D61 /* DepthStencilStateView.xib */,
				C26B3C841B76B6C20073EACF /* ComputeInvocationSequence.xib */,
				C286CF391B93B59000BC7F9D /* RenderInvocationSequence.xib */,
				C26B3C881B76BD1F0073EACF /* Invocation.xib */,
				C2EC39B91B786F8200FFD859 /* ComputeInvocationView.xib */,
				C2EC39BD1B79C21500FFD859 /* RenderInvocationView.xib */,
				C204C98B1B79D2AE008057D3 /* BindingsView.xib */,
				C2BF78521B58BC8A004535BC /* Assets.xcassets */,
				C2BF78541B58BC8A004535BC /* MainMenu.xib */,
				C2BF78571B58BC8A004535BC /* Info.plist */,
				C2BF784F1B58BC8A004535BC /* Document.xcdatamodeld */,
				C26C8D9C1B8131CE0097180D /* PixelFormatUtilities.swift */,
				C2BF784A1B58BC8A004535BC /* Document.swift */,
				C2BF78791B58C09B004535BC /* PreviewController.swift */,
				C24CDC9D1B5A17BF00348941 /* MetalState.swift */,
				C285B2521B5E1FAB00671A58 /* BuffersTableViewDelegate.swift */,
				C26C8D901B8124710097180D /* TexturesTableViewDelegate.swift */,
				C29C376B1B93802F00F85D61 /* DepthStencilStateViewController.swift */,
				C2CA03131B6F186300BA6AA1 /* RenderStateUIController.swift */,
				C2C1F3711B708F590092726F /* RenderStateViewController.swift */,
				C23492BA1B75E62B00712575 /* VertexAttributesTableDelegate.swift */,
				C23492BC1B75E64B00712575 /* VertexBufferLayoutTableDelegate.swift */,
				C23492BE1B75E66800712575 /* ColorAttachmentsTableDelegate.swift */,
				C26B3C821B76B3D70073EACF /* FlippedView.swift */,
				C26B3C861B76B9570073EACF /* InvocationsViewController.swift */,
				C286CF3B1B93B7AB00BC7F9D /* RenderInvocationsViewController.swift */,
				C286CF3D1B93B7BA00BC7F9D /* ComputeInvocationsViewController.swift */,
				C26B3C8A1B76BF290073EACF /* InvocationViewController.swift */,
				C2EC39BB1B7874AA00FFD859 /* ComputeInvocationDetailViewController.swift */,
				C204C9871B79C82C008057D3 /* RenderInvocationDetailsViewController.swift */,
				C204C9891B79D042008057D3 /* BindingsViewController.swift */,
				C26C8DA41B8153080097180D /* BufferBindingsViewController.swift */,
				C26C8DA61B81542D0097180D /* TextureBindingsViewController.swift */,
				C254E4551B92D23D009559F8 /* NumericTextFieldDelegates.swift */,
			);
			path = MetalEditor;
			sourceTree = "<group>";
		};
		C2BF785F1B58BC8A004535BC /* MetalEditorTests */ = {
			isa = PBXGroup;
			children = (
				C2BF78601B58BC8A004535BC /* MetalEditorTests.swift */,
				C2BF78621B58BC8A004535BC /* Info.plist */,
			);
			path = MetalEditorTests;
			sourceTree = "<group>";
		};
		C2BF786A1B58BC8A004535BC /* MetalEditorUITests */ = {
			isa = PBXGroup;
			children = (
				C2BF786B1B58BC8A004535BC /* MetalEditorUITests.swift */,
				C2BF786D1B58BC8A004535BC /* Info.plist */,
			);
			path = MetalEditorUITests;
			sourceTree = "<group>";
		};
/* End PBXGroup section */

/* Begin PBXNativeTarget section */
		C24CDD031B5AD8E500348941 /* TestDatabaseWriter */ = {
			isa = PBXNativeTarget;
			buildConfigurationList = C24CDD081B5AD8E600348941 /* Build configuration list for PBXNativeTarget "TestDatabaseWriter" */;
			buildPhases = (
				C24CDD001B5AD8E500348941 /* Sources */,
				C24CDD011B5AD8E500348941 /* Frameworks */,
				C24CDD021B5AD8E500348941 /* CopyFiles */,
			);
			buildRules = (
			);
			dependencies = (
			);
			name = TestDatabaseWriter;
			productName = TestDatabaseWriter;
			productReference = C24CDD041B5AD8E500348941 /* TestDatabaseWriter */;
			productType = "com.apple.product-type.tool";
		};
		C2BF78441B58BC8A004535BC /* MetalEditor */ = {
			isa = PBXNativeTarget;
			buildConfigurationList = C2BF78701B58BC8A004535BC /* Build configuration list for PBXNativeTarget "MetalEditor" */;
			buildPhases = (
				C2BF78411B58BC8A004535BC /* Sources */,
				C2BF78421B58BC8A004535BC /* Frameworks */,
				C2BF78431B58BC8A004535BC /* Resources */,
			);
			buildRules = (
			);
			dependencies = (
			);
			name = MetalEditor;
			productName = MetalEditor;
			productReference = C2BF78451B58BC8A004535BC /* MetalEditor.app */;
			productType = "com.apple.product-type.application";
		};
		C2BF785B1B58BC8A004535BC /* MetalEditorTests */ = {
			isa = PBXNativeTarget;
			buildConfigurationList = C2BF78731B58BC8A004535BC /* Build configuration list for PBXNativeTarget "MetalEditorTests" */;
			buildPhases = (
				C2BF78581B58BC8A004535BC /* Sources */,
				C2BF78591B58BC8A004535BC /* Frameworks */,
				C2BF785A1B58BC8A004535BC /* Resources */,
			);
			buildRules = (
			);
			dependencies = (
				C2BF785E1B58BC8A004535BC /* PBXTargetDependency */,
			);
			name = MetalEditorTests;
			productName = MetalEditorTests;
			productReference = C2BF785C1B58BC8A004535BC /* MetalEditorTests.xctest */;
			productType = "com.apple.product-type.bundle.unit-test";
		};
		C2BF78661B58BC8A004535BC /* MetalEditorUITests */ = {
			isa = PBXNativeTarget;
			buildConfigurationList = C2BF78761B58BC8A004535BC /* Build configuration list for PBXNativeTarget "MetalEditorUITests" */;
			buildPhases = (
				C2BF78631B58BC8A004535BC /* Sources */,
				C2BF78641B58BC8A004535BC /* Frameworks */,
				C2BF78651B58BC8A004535BC /* Resources */,
			);
			buildRules = (
			);
			dependencies = (
				C2BF78691B58BC8A004535BC /* PBXTargetDependency */,
			);
			name = MetalEditorUITests;
			productName = MetalEditorUITests;
			productReference = C2BF78671B58BC8A004535BC /* MetalEditorUITests.xctest */;
			productType = "com.apple.product-type.bundle.ui-testing";
		};
/* End PBXNativeTarget section */

/* Begin PBXProject section */
		C2BF783D1B58BC8A004535BC /* Project object */ = {
			isa = PBXProject;
			attributes = {
				LastSwiftUpdateCheck = 0700;
				LastUpgradeCheck = 0700;
				ORGANIZATIONNAME = Litherum;
				TargetAttributes = {
					C24CDD031B5AD8E500348941 = {
						CreatedOnToolsVersion = 7.0;
					};
					C2BF78441B58BC8A004535BC = {
						CreatedOnToolsVersion = 7.0;
					};
					C2BF785B1B58BC8A004535BC = {
						CreatedOnToolsVersion = 7.0;
						TestTargetID = C2BF78441B58BC8A004535BC;
					};
					C2BF78661B58BC8A004535BC = {
						CreatedOnToolsVersion = 7.0;
						TestTargetID = C2BF78441B58BC8A004535BC;
					};
				};
			};
			buildConfigurationList = C2BF78401B58BC8A004535BC /* Build configuration list for PBXProject "MetalEditor" */;
			compatibilityVersion = "Xcode 3.2";
			developmentRegion = English;
			hasScannedForEncodings = 0;
			knownRegions = (
				en,
				Base,
			);
			mainGroup = C2BF783C1B58BC8A004535BC;
			productRefGroup = C2BF78461B58BC8A004535BC /* Products */;
			projectDirPath = "";
			projectRoot = "";
			targets = (
				C2BF78441B58BC8A004535BC /* MetalEditor */,
				C2BF785B1B58BC8A004535BC /* MetalEditorTests */,
				C2BF78661B58BC8A004535BC /* MetalEditorUITests */,
				C24CDD031B5AD8E500348941 /* TestDatabaseWriter */,
			);
		};
/* End PBXProject section */

/* Begin PBXResourcesBuildPhase section */
		C2BF78431B58BC8A004535BC /* Resources */ = {
			isa = PBXResourcesBuildPhase;
			buildActionMask = 2147483647;
			files = (
				C2A9391D1B707A7900449A95 /* RenderStateView.xib in Resources */,
				C26B3C851B76B6C20073EACF /* ComputeInvocationSequence.xib in Resources */,
				C2EC39BA1B786F8200FFD859 /* ComputeInvocationView.xib in Resources */,
				C2BF78531B58BC8A004535BC /* Assets.xcassets in Resources */,
				C26B3C891B76BD1F0073EACF /* Invocation.xib in Resources */,
				C29C376A1B93800F00F85D61 /* DepthStencilStateView.xib in Resources */,
				C286CF3A1B93B59000BC7F9D /* RenderInvocationSequence.xib in Resources */,
				C2BF784E1B58BC8A004535BC /* Document.xib in Resources */,
				C2EC39BE1B79C21500FFD859 /* RenderInvocationView.xib in Resources */,
				C2BF78561B58BC8A004535BC /* MainMenu.xib in Resources */,
				C204C98C1B79D2AE008057D3 /* BindingsView.xib in Resources */,
			);
			runOnlyForDeploymentPostprocessing = 0;
		};
		C2BF785A1B58BC8A004535BC /* Resources */ = {
			isa = PBXResourcesBuildPhase;
			buildActionMask = 2147483647;
			files = (
			);
			runOnlyForDeploymentPostprocessing = 0;
		};
		C2BF78651B58BC8A004535BC /* Resources */ = {
			isa = PBXResourcesBuildPhase;
			buildActionMask = 2147483647;
			files = (
			);
			runOnlyForDeploymentPostprocessing = 0;
		};
/* End PBXResourcesBuildPhase section */

/* Begin PBXSourcesBuildPhase section */
		C24CDD001B5AD8E500348941 /* Sources */ = {
			isa = PBXSourcesBuildPhase;
			buildActionMask = 2147483647;
			files = (
				C24CDD2F1B5ADE0500348941 /* VertexBufferLayout+CoreDataProperties.swift in Sources */,
				C2877EBE1B806268000FD5DC /* Size.swift in Sources */,
				C24CDD301B5ADE0800348941 /* VertexBufferLayout.swift in Sources */,
				C24CDD4A1B5ADE0F00348941 /* BufferBinding.swift in Sources */,
				C29C37621B92E66F00F85D61 /* StencilState+CoreDataProperties.swift in Sources */,
				C24CDD341B5ADE0F00348941 /* RenderPipelineColorAttachment.swift in Sources */,
				C26C8D9A1B8127320097180D /* Texture.swift in Sources */,
				C24CDD351B5ADE0F00348941 /* RenderPipelineState+CoreDataProperties.swift in Sources */,
				C24CDD461B5ADE0F00348941 /* ComputePipelineState.swift in Sources */,
				C227E94D1B92968B0012B8B8 /* ScissorRect.swift in Sources */,
				C24CDD2D1B5ADDFD00348941 /* VertexAttribute+CoreDataProperties.swift in Sources */,
				C24CDD3B1B5ADE0F00348941 /* ComputeInvocation+CoreDataProperties.swift in Sources */,
				C24CDD401B5ADE0F00348941 /* Pass.swift in Sources */,
				C29C37681B92E66F00F85D61 /* DepthStencilState.swift in Sources */,
				C24CDD471B5ADE0F00348941 /* Library+CoreDataProperties.swift in Sources */,
				C2EC39B71B78664000FFD859 /* Invocation.swift in Sources */,
				C24CDD421B5ADE0F00348941 /* Frame.swift in Sources */,
				C24CDD331B5ADE0F00348941 /* RenderPipelineColorAttachment+CoreDataProperties.swift in Sources */,
				C24CDD361B5ADE0F00348941 /* RenderPipelineState.swift in Sources */,
				C24CDD0B1B5AD9CC00348941 /* Document.xcdatamodeld in Sources */,
				C24CDD3D1B5ADE0F00348941 /* ComputePass+CoreDataProperties.swift in Sources */,
				C24CDD2E1B5ADE0100348941 /* VertexAttribute.swift in Sources */,
				C26C8DA21B8145140097180D /* TextureBinding.swift in Sources */,
				C24CDD481B5ADE0F00348941 /* Library.swift in Sources */,
				C2EC39B81B78664300FFD859 /* Invocation+CoreDataProperties.swift in Sources */,
				C2C1F3751B70AAAB0092726F /* ManagedObjectHelpers.swift in Sources */,
				C26C8D9B1B8127350097180D /* Texture+CoreDataProperties.swift in Sources */,
				C227E9511B9299850012B8B8 /* Viewport+CoreDataProperties.swift in Sources */,
				C29C37641B92E66F00F85D61 /* StencilState.swift in Sources */,
				C24CDD411B5ADE0F00348941 /* Frame+CoreDataProperties.swift in Sources */,
				C227E94B1B92968B0012B8B8 /* ScissorRect+CoreDataProperties.swift in Sources */,
				C26C8DA31B8145170097180D /* TextureBinding+CoreDataProperties.swift in Sources */,
				C24CDD381B5ADE0F00348941 /* RenderPass.swift in Sources */,
				C24CDD3F1B5ADE0F00348941 /* Pass+CoreDataProperties.swift in Sources */,
				C24CDD531B5AFB7D00348941 /* RenderInvocation.swift in Sources */,
				C24CDD431B5ADE0F00348941 /* Buffer+CoreDataProperties.swift in Sources */,
				C2877EBF1B80626B000FD5DC /* Size+CoreDataProperties.swift in Sources */,
				C24CDD371B5ADE0F00348941 /* RenderPass+CoreDataProperties.swift in Sources */,
				C24CDD441B5ADE0F00348941 /* Buffer.swift in Sources */,
				C24CDD541B5AFB8000348941 /* RenderInvocation+CoreDataProperties.swift in Sources */,
				C24CDD3E1B5ADE0F00348941 /* ComputePass.swift in Sources */,
				C24CDD3C1B5ADE0F00348941 /* ComputeInvocation.swift in Sources */,
				C24CDD451B5ADE0F00348941 /* ComputePipelineState+CoreDataProperties.swift in Sources */,
				C24CDD071B5AD8E600348941 /* main.swift in Sources */,
				C227E9531B9299850012B8B8 /* Viewport.swift in Sources */,
				C24CDD561B5B32BA00348941 /* Shaders.metal in Sources */,
				C29C37661B92E66F00F85D61 /* DepthStencilState+CoreDataProperties.swift in Sources */,
				C24CDD491B5ADE0F00348941 /* BufferBinding+CoreDataProperties.swift in Sources */,
			);
			runOnlyForDeploymentPostprocessing = 0;
		};
		C2BF78411B58BC8A004535BC /* Sources */ = {
			isa = PBXSourcesBuildPhase;
			buildActionMask = 2147483647;
			files = (
				C2EC39B61B78656C00FFD859 /* Invocation+CoreDataProperties.swift in Sources */,
				C26C8DA51B8153080097180D /* BufferBindingsViewController.swift in Sources */,
				C24CDCB71B5A18D200348941 /* Pass+CoreDataProperties.swift in Sources */,
				C204C98A1B79D042008057D3 /* BindingsViewController.swift in Sources */,
				C2BF787A1B58C09B004535BC /* PreviewController.swift in Sources */,
				C2877EBB1B80615C000FD5DC /* Size.swift in Sources */,
				C2BF78511B58BC8A004535BC /* Document.xcdatamodeld in Sources */,
				C24CDCBD1B5A18D200348941 /* ComputePipelineState+CoreDataProperties.swift in Sources */,
				C24CDCC21B5A18D200348941 /* BufferBinding.swift in Sources */,
				C26C8D971B8126D30097180D /* Texture.swift in Sources */,
				C24CDCB51B5A18D200348941 /* ComputePass+CoreDataProperties.swift in Sources */,
				C29C376C1B93802F00F85D61 /* DepthStencilStateViewController.swift in Sources */,
				C26C8D9D1B8131CE0097180D /* PixelFormatUtilities.swift in Sources */,
				C285B2531B5E1FAB00671A58 /* BuffersTableViewDelegate.swift in Sources */,
				C29C37671B92E66F00F85D61 /* DepthStencilState.swift in Sources */,
				C24CDCBE1B5A18D200348941 /* ComputePipelineState.swift in Sources */,
				C24CDCFC1B5AC86D00348941 /* VertexAttribute+CoreDataProperties.swift in Sources */,
				C24CDCBC1B5A18D200348941 /* Buffer.swift in Sources */,
				C2BF784B1B58BC8A004535BC /* Document.swift in Sources */,
				C29C37611B92E66F00F85D61 /* StencilState+CoreDataProperties.swift in Sources */,
				C26C8D911B8124710097180D /* TexturesTableViewDelegate.swift in Sources */,
				C2877EBD1B806198000FD5DC /* Size+CoreDataProperties.swift in Sources */,
				C286CF3E1B93B7BA00BC7F9D /* ComputeInvocationsViewController.swift in Sources */,
				C26C8D9F1B8144FB0097180D /* TextureBinding.swift in Sources */,
				C24CDCB61B5A18D200348941 /* ComputePass.swift in Sources */,
				C2BF78491B58BC8A004535BC /* AppDelegate.swift in Sources */,
				C26B3C871B76B9570073EACF /* InvocationsViewController.swift in Sources */,
				C24CDCB41B5A18D200348941 /* ComputeInvocation.swift in Sources */,
				C26B3C8B1B76BF290073EACF /* InvocationViewController.swift in Sources */,
				C254E4561B92D23D009559F8 /* NumericTextFieldDelegates.swift in Sources */,
				C23492BD1B75E64B00712575 /* VertexBufferLayoutTableDelegate.swift in Sources */,
				C26C8DA11B8145100097180D /* TextureBinding+CoreDataProperties.swift in Sources */,
				C24CDCBA1B5A18D200348941 /* Frame.swift in Sources */,
				C24CDC9E1B5A17BF00348941 /* MetalState.swift in Sources */,
				C24CDCFF1B5AC86D00348941 /* VertexBufferLayout.swift in Sources */,
				C24CDCF11B5AC44000348941 /* RenderPipelineColorAttachment.swift in Sources */,
				C24CDCFE1B5AC86D00348941 /* VertexBufferLayout+CoreDataProperties.swift in Sources */,
				C227E94C1B92968B0012B8B8 /* ScissorRect.swift in Sources */,
				C24CDD511B5AFB3900348941 /* RenderInvocation+CoreDataProperties.swift in Sources */,
				C2C1F3741B70A02E0092726F /* ManagedObjectHelpers.swift in Sources */,
				C24CDCBF1B5A18D200348941 /* Library+CoreDataProperties.swift in Sources */,
				C26B3C831B76B3D70073EACF /* FlippedView.swift in Sources */,
				C23492BB1B75E62B00712575 /* VertexAttributesTableDelegate.swift in Sources */,
				C24CDCC11B5A18D200348941 /* BufferBinding+CoreDataProperties.swift in Sources */,
				C23492BF1B75E66800712575 /* ColorAttachmentsTableDelegate.swift in Sources */,
				C24CDCF61B5AC44000348941 /* RenderPass+CoreDataProperties.swift in Sources */,
				C2C1F3721B708F590092726F /* RenderStateViewController.swift in Sources */,
				C26C8D991B8126DF0097180D /* Texture+CoreDataProperties.swift in Sources */,
				C24CDCFD1B5AC86D00348941 /* VertexAttribute.swift in Sources */,
				C24CDCF71B5AC44000348941 /* RenderPass.swift in Sources */,
				C24CDCBB1B5A18D200348941 /* Buffer+CoreDataProperties.swift in Sources */,
				C227E9501B9299850012B8B8 /* Viewport+CoreDataProperties.swift in Sources */,
				C29C37651B92E66F00F85D61 /* DepthStencilState+CoreDataProperties.swift in Sources */,
				C2EC39B41B78653B00FFD859 /* Invocation.swift in Sources */,
				C26C8DA71B81542D0097180D /* TextureBindingsViewController.swift in Sources */,
				C227E9521B9299850012B8B8 /* Viewport.swift in Sources */,
				C24CDCF51B5AC44000348941 /* RenderPipelineState.swift in Sources */,
				C227E94A1B92968B0012B8B8 /* ScissorRect+CoreDataProperties.swift in Sources */,
				C24CDCB81B5A18D200348941 /* Pass.swift in Sources */,
				C204C9881B79C82C008057D3 /* RenderInvocationDetailsViewController.swift in Sources */,
				C2EC39BC1B7874AA00FFD859 /* ComputeInvocationDetailViewController.swift in Sources */,
				C24CDCF41B5AC44000348941 /* RenderPipelineState+CoreDataProperties.swift in Sources */,
				C24CDCB31B5A18D200348941 /* ComputeInvocation+CoreDataProperties.swift in Sources */,
				C29C37631B92E66F00F85D61 /* StencilState.swift in Sources */,
				C24CDCB91B5A18D200348941 /* Frame+CoreDataProperties.swift in Sources */,
				C24CDCF01B5AC44000348941 /* RenderPipelineColorAttachment+CoreDataProperties.swift in Sources */,
				C24CDCC01B5A18D200348941 /* Library.swift in Sources */,
				C286CF3C1B93B7AB00BC7F9D /* RenderInvocationsViewController.swift in Sources */,
				C2CA03141B6F186300BA6AA1 /* RenderStateUIController.swift in Sources */,
				C24CDD521B5AFB3900348941 /* RenderInvocation.swift in Sources */,
			);
			runOnlyForDeploymentPostprocessing = 0;
		};
		C2BF78581B58BC8A004535BC /* Sources */ = {
			isa = PBXSourcesBuildPhase;
			buildActionMask = 2147483647;
			files = (
				C2BF78611B58BC8A004535BC /* MetalEditorTests.swift in Sources */,
			);
			runOnlyForDeploymentPostprocessing = 0;
		};
		C2BF78631B58BC8A004535BC /* Sources */ = {
			isa = PBXSourcesBuildPhase;
			buildActionMask = 2147483647;
			files = (
				C2BF786C1B58BC8A004535BC /* MetalEditorUITests.swift in Sources */,
			);
			runOnlyForDeploymentPostprocessing = 0;
		};
/* End PBXSourcesBuildPhase section */

/* Begin PBXTargetDependency section */
		C2BF785E1B58BC8A004535BC /* PBXTargetDependency */ = {
			isa = PBXTargetDependency;
			target = C2BF78441B58BC8A004535BC /* MetalEditor */;
			targetProxy = C2BF785D1B58BC8A004535BC /* PBXContainerItemProxy */;
		};
		C2BF78691B58BC8A004535BC /* PBXTargetDependency */ = {
			isa = PBXTargetDependency;
			target = C2BF78441B58BC8A004535BC /* MetalEditor */;
			targetProxy = C2BF78681B58BC8A004535BC /* PBXContainerItemProxy */;
		};
/* End PBXTargetDependency section */

/* Begin PBXVariantGroup section */
		C2BF784C1B58BC8A004535BC /* Document.xib */ = {
			isa = PBXVariantGroup;
			children = (
				C2BF784D1B58BC8A004535BC /* Base */,
			);
			name = Document.xib;
			sourceTree = "<group>";
		};
		C2BF78541B58BC8A004535BC /* MainMenu.xib */ = {
			isa = PBXVariantGroup;
			children = (
				C2BF78551B58BC8A004535BC /* Base */,
			);
			name = MainMenu.xib;
			sourceTree = "<group>";
		};
/* End PBXVariantGroup section */

/* Begin XCBuildConfiguration section */
		C24CDD091B5AD8E600348941 /* Debug */ = {
			isa = XCBuildConfiguration;
			buildSettings = {
				PRODUCT_NAME = "$(TARGET_NAME)";
			};
			name = Debug;
		};
		C24CDD0A1B5AD8E600348941 /* Release */ = {
			isa = XCBuildConfiguration;
			buildSettings = {
				PRODUCT_NAME = "$(TARGET_NAME)";
			};
			name = Release;
		};
		C2BF786E1B58BC8A004535BC /* Debug */ = {
			isa = XCBuildConfiguration;
			buildSettings = {
				ALWAYS_SEARCH_USER_PATHS = NO;
				CLANG_CXX_LANGUAGE_STANDARD = "gnu++0x";
				CLANG_CXX_LIBRARY = "libc++";
				CLANG_ENABLE_MODULES = YES;
				CLANG_ENABLE_OBJC_ARC = YES;
				CLANG_WARN_BOOL_CONVERSION = YES;
				CLANG_WARN_CONSTANT_CONVERSION = YES;
				CLANG_WARN_DIRECT_OBJC_ISA_USAGE = YES_ERROR;
				CLANG_WARN_EMPTY_BODY = YES;
				CLANG_WARN_ENUM_CONVERSION = YES;
				CLANG_WARN_INT_CONVERSION = YES;
				CLANG_WARN_OBJC_ROOT_CLASS = YES_ERROR;
				CLANG_WARN_UNREACHABLE_CODE = YES;
				CLANG_WARN__DUPLICATE_METHOD_MATCH = YES;
				CODE_SIGN_IDENTITY = "-";
				COPY_PHASE_STRIP = NO;
				DEBUG_INFORMATION_FORMAT = dwarf;
				ENABLE_STRICT_OBJC_MSGSEND = YES;
				ENABLE_TESTABILITY = YES;
				GCC_C_LANGUAGE_STANDARD = gnu99;
				GCC_DYNAMIC_NO_PIC = NO;
				GCC_NO_COMMON_BLOCKS = YES;
				GCC_OPTIMIZATION_LEVEL = 0;
				GCC_PREPROCESSOR_DEFINITIONS = (
					"DEBUG=1",
					"$(inherited)",
				);
				GCC_WARN_64_TO_32_BIT_CONVERSION = YES;
				GCC_WARN_ABOUT_RETURN_TYPE = YES_ERROR;
				GCC_WARN_UNDECLARED_SELECTOR = YES;
				GCC_WARN_UNINITIALIZED_AUTOS = YES_AGGRESSIVE;
				GCC_WARN_UNUSED_FUNCTION = YES;
				GCC_WARN_UNUSED_VARIABLE = YES;
				MACOSX_DEPLOYMENT_TARGET = 10.11;
				MTL_ENABLE_DEBUG_INFO = YES;
				ONLY_ACTIVE_ARCH = YES;
				SDKROOT = macosx;
				SWIFT_OPTIMIZATION_LEVEL = "-Onone";
			};
			name = Debug;
		};
		C2BF786F1B58BC8A004535BC /* Release */ = {
			isa = XCBuildConfiguration;
			buildSettings = {
				ALWAYS_SEARCH_USER_PATHS = NO;
				CLANG_CXX_LANGUAGE_STANDARD = "gnu++0x";
				CLANG_CXX_LIBRARY = "libc++";
				CLANG_ENABLE_MODULES = YES;
				CLANG_ENABLE_OBJC_ARC = YES;
				CLANG_WARN_BOOL_CONVERSION = YES;
				CLANG_WARN_CONSTANT_CONVERSION = YES;
				CLANG_WARN_DIRECT_OBJC_ISA_USAGE = YES_ERROR;
				CLANG_WARN_EMPTY_BODY = YES;
				CLANG_WARN_ENUM_CONVERSION = YES;
				CLANG_WARN_INT_CONVERSION = YES;
				CLANG_WARN_OBJC_ROOT_CLASS = YES_ERROR;
				CLANG_WARN_UNREACHABLE_CODE = YES;
				CLANG_WARN__DUPLICATE_METHOD_MATCH = YES;
				CODE_SIGN_IDENTITY = "-";
				COPY_PHASE_STRIP = NO;
				DEBUG_INFORMATION_FORMAT = "dwarf-with-dsym";
				ENABLE_NS_ASSERTIONS = NO;
				ENABLE_STRICT_OBJC_MSGSEND = YES;
				GCC_C_LANGUAGE_STANDARD = gnu99;
				GCC_NO_COMMON_BLOCKS = YES;
				GCC_WARN_64_TO_32_BIT_CONVERSION = YES;
				GCC_WARN_ABOUT_RETURN_TYPE = YES_ERROR;
				GCC_WARN_UNDECLARED_SELECTOR = YES;
				GCC_WARN_UNINITIALIZED_AUTOS = YES_AGGRESSIVE;
				GCC_WARN_UNUSED_FUNCTION = YES;
				GCC_WARN_UNUSED_VARIABLE = YES;
				MACOSX_DEPLOYMENT_TARGET = 10.11;
				MTL_ENABLE_DEBUG_INFO = NO;
				SDKROOT = macosx;
			};
			name = Release;
		};
		C2BF78711B58BC8A004535BC /* Debug */ = {
			isa = XCBuildConfiguration;
			buildSettings = {
				ASSETCATALOG_COMPILER_APPICON_NAME = AppIcon;
				CLANG_ENABLE_MODULES = YES;
				COMBINE_HIDPI_IMAGES = YES;
				INFOPLIST_FILE = MetalEditor/Info.plist;
				LD_RUNPATH_SEARCH_PATHS = "$(inherited) @executable_path/../Frameworks";
				PRODUCT_BUNDLE_IDENTIFIER = Litherum.MetalEditor;
				PRODUCT_NAME = "$(TARGET_NAME)";
				SWIFT_OPTIMIZATION_LEVEL = "-Onone";
			};
			name = Debug;
		};
		C2BF78721B58BC8A004535BC /* Release */ = {
			isa = XCBuildConfiguration;
			buildSettings = {
				ASSETCATALOG_COMPILER_APPICON_NAME = AppIcon;
				CLANG_ENABLE_MODULES = YES;
				COMBINE_HIDPI_IMAGES = YES;
				INFOPLIST_FILE = MetalEditor/Info.plist;
				LD_RUNPATH_SEARCH_PATHS = "$(inherited) @executable_path/../Frameworks";
				PRODUCT_BUNDLE_IDENTIFIER = Litherum.MetalEditor;
				PRODUCT_NAME = "$(TARGET_NAME)";
			};
			name = Release;
		};
		C2BF78741B58BC8A004535BC /* Debug */ = {
			isa = XCBuildConfiguration;
			buildSettings = {
				BUNDLE_LOADER = "$(TEST_HOST)";
				COMBINE_HIDPI_IMAGES = YES;
				INFOPLIST_FILE = MetalEditorTests/Info.plist;
				LD_RUNPATH_SEARCH_PATHS = "$(inherited) @executable_path/../Frameworks @loader_path/../Frameworks";
				PRODUCT_BUNDLE_IDENTIFIER = Litherum.MetalEditorTests;
				PRODUCT_NAME = "$(TARGET_NAME)";
				TEST_HOST = "$(BUILT_PRODUCTS_DIR)/MetalEditor.app/Contents/MacOS/MetalEditor";
			};
			name = Debug;
		};
		C2BF78751B58BC8A004535BC /* Release */ = {
			isa = XCBuildConfiguration;
			buildSettings = {
				BUNDLE_LOADER = "$(TEST_HOST)";
				COMBINE_HIDPI_IMAGES = YES;
				INFOPLIST_FILE = MetalEditorTests/Info.plist;
				LD_RUNPATH_SEARCH_PATHS = "$(inherited) @executable_path/../Frameworks @loader_path/../Frameworks";
				PRODUCT_BUNDLE_IDENTIFIER = Litherum.MetalEditorTests;
				PRODUCT_NAME = "$(TARGET_NAME)";
				TEST_HOST = "$(BUILT_PRODUCTS_DIR)/MetalEditor.app/Contents/MacOS/MetalEditor";
			};
			name = Release;
		};
		C2BF78771B58BC8A004535BC /* Debug */ = {
			isa = XCBuildConfiguration;
			buildSettings = {
				COMBINE_HIDPI_IMAGES = YES;
				INFOPLIST_FILE = MetalEditorUITests/Info.plist;
				LD_RUNPATH_SEARCH_PATHS = "$(inherited) @executable_path/../Frameworks @loader_path/../Frameworks";
				PRODUCT_BUNDLE_IDENTIFIER = Litherum.MetalEditorUITests;
				PRODUCT_NAME = "$(TARGET_NAME)";
				TEST_TARGET_NAME = MetalEditor;
				USES_XCTRUNNER = YES;
			};
			name = Debug;
		};
		C2BF78781B58BC8A004535BC /* Release */ = {
			isa = XCBuildConfiguration;
			buildSettings = {
				COMBINE_HIDPI_IMAGES = YES;
				INFOPLIST_FILE = MetalEditorUITests/Info.plist;
				LD_RUNPATH_SEARCH_PATHS = "$(inherited) @executable_path/../Frameworks @loader_path/../Frameworks";
				PRODUCT_BUNDLE_IDENTIFIER = Litherum.MetalEditorUITests;
				PRODUCT_NAME = "$(TARGET_NAME)";
				TEST_TARGET_NAME = MetalEditor;
				USES_XCTRUNNER = YES;
			};
			name = Release;
		};
/* End XCBuildConfiguration section */

/* Begin XCConfigurationList section */
		C24CDD081B5AD8E600348941 /* Build configuration list for PBXNativeTarget "TestDatabaseWriter" */ = {
			isa = XCConfigurationList;
			buildConfigurations = (
				C24CDD091B5AD8E600348941 /* Debug */,
				C24CDD0A1B5AD8E600348941 /* Release */,
			);
			defaultConfigurationIsVisible = 0;
			defaultConfigurationName = Release;
		};
		C2BF78401B58BC8A004535BC /* Build configuration list for PBXProject "MetalEditor" */ = {
			isa = XCConfigurationList;
			buildConfigurations = (
				C2BF786E1B58BC8A004535BC /* Debug */,
				C2BF786F1B58BC8A004535BC /* Release */,
			);
			defaultConfigurationIsVisible = 0;
			defaultConfigurationName = Release;
		};
		C2BF78701B58BC8A004535BC /* Build configuration list for PBXNativeTarget "MetalEditor" */ = {
			isa = XCConfigurationList;
			buildConfigurations = (
				C2BF78711B58BC8A004535BC /* Debug */,
				C2BF78721B58BC8A004535BC /* Release */,
			);
			defaultConfigurationIsVisible = 0;
			defaultConfigurationName = Release;
		};
		C2BF78731B58BC8A004535BC /* Build configuration list for PBXNativeTarget "MetalEditorTests" */ = {
			isa = XCConfigurationList;
			buildConfigurations = (
				C2BF78741B58BC8A004535BC /* Debug */,
				C2BF78751B58BC8A004535BC /* Release */,
			);
			defaultConfigurationIsVisible = 0;
			defaultConfigurationName = Release;
		};
		C2BF78761B58BC8A004535BC /* Build configuration list for PBXNativeTarget "MetalEditorUITests" */ = {
			isa = XCConfigurationList;
			buildConfigurations = (
				C2BF78771B58BC8A004535BC /* Debug */,
				C2BF78781B58BC8A004535BC /* Release */,
			);
			defaultConfigurationIsVisible = 0;
			defaultConfigurationName = Release;
		};
/* End XCConfigurationList section */

/* Begin XCVersionGroup section */
		C2BF784F1B58BC8A004535BC /* Document.xcdatamodeld */ = {
			isa = XCVersionGroup;
			children = (
				C2BF78501B58BC8A004535BC /* Document.xcdatamodel */,
			);
			currentVersion = C2BF78501B58BC8A004535BC /* Document.xcdatamodel */;
			path = Document.xcdatamodeld;
			sourceTree = "<group>";
			versionGroupType = wrapper.xcdatamodel;
		};
/* End XCVersionGroup section */
	};
	rootObject = C2BF783D1B58BC8A004535BC /* Project object */;
}
